
Microsoft Visual Studio Solution File, Format Version 12.00
# Visual Studio 15
Project("{FAE04EC0-301F-11D3-BF4B-00C04F79EFBC}") = "Assembly-CSharp", "Assembly-CSharp.csproj", "{13BED7AC-BBF6-5297-796F-80DFDD86DB18}"
EndProject
Project("{FAE04EC0-301F-11D3-BF4B-00C04F79EFBC}") = "Assembly-CSharp-Editor", "Assembly-CSharp-Editor.csproj", "{34EEBEC0-BBC4-2A2C-9F9E-FD785188317A}"
EndProject
Global
	GlobalSection(SolutionConfigurationPlatforms) = preSolution
		Debug|Any CPU = Debug|Any CPU
		Release|Any CPU = Release|Any CPU
	EndGlobalSection
	GlobalSection(ProjectConfigurationPlatforms) = postSolution
		{13BED7AC-BBF6-5297-796F-80DFDD86DB18}.Debug|Any CPU.ActiveCfg = Debug|Any CPU
		{13BED7AC-BBF6-5297-796F-80DFDD86DB18}.Debug|Any CPU.Build.0 = Debug|Any CPU
		{13BED7AC-BBF6-5297-796F-80DFDD86DB18}.Release|Any CPU.ActiveCfg = Release|Any CPU
		{13BED7AC-BBF6-5297-796F-80DFDD86DB18}.Release|Any CPU.Build.0 = Release|Any CPU
		{34EEBEC0-BBC4-2A2C-9F9E-FD785188317A}.Debug|Any CPU.ActiveCfg = Debug|Any CPU
		{34EEBEC0-BBC4-2A2C-9F9E-FD785188317A}.Debug|Any CPU.Build.0 = Debug|Any CPU
		{34EEBEC0-BBC4-2A2C-9F9E-FD785188317A}.Release|Any CPU.ActiveCfg = Release|Any CPU
		{34EEBEC0-BBC4-2A2C-9F9E-FD785188317A}.Release|Any CPU.Build.0 = Release|Any CPU
	EndGlobalSection
	GlobalSection(SolutionProperties) = preSolution
		HideSolutionNode = FALSE
	EndGlobalSection
EndGlobal
